// !$*UTF8*$!
{
	archiveVersion = 1;
	classes = {
	};
	objectVersion = 56;
	objects = {

/* Begin PBXBuildFile section */
		09AEFF60299FA68500CFF4C1 /* DependancyInversionShoppingApp.swift in Sources */ = {isa = PBXBuildFile; fileRef = 09AEFF5F299FA68500CFF4C1 /* DependancyInversionShoppingApp.swift */; };
		09AEFF62299FA68500CFF4C1 /* ContentView.swift in Sources */ = {isa = PBXBuildFile; fileRef = 09AEFF61299FA68500CFF4C1 /* ContentView.swift */; };
		09AEFF64299FA68700CFF4C1 /* Assets.xcassets in Resources */ = {isa = PBXBuildFile; fileRef = 09AEFF63299FA68700CFF4C1 /* Assets.xcassets */; };
		09AEFF67299FA68700CFF4C1 /* Preview Assets.xcassets in Resources */ = {isa = PBXBuildFile; fileRef = 09AEFF66299FA68700CFF4C1 /* Preview Assets.xcassets */; };
		09AEFF70299FA6C500CFF4C1 /* ShoppingCart.swift in Sources */ = {isa = PBXBuildFile; fileRef = 09AEFF6F299FA6C500CFF4C1 /* ShoppingCart.swift */; };
		09AEFF72299FA6D500CFF4C1 /* Checkout.swift in Sources */ = {isa = PBXBuildFile; fileRef = 09AEFF71299FA6D500CFF4C1 /* Checkout.swift */; };
		09AEFF74299FAAC000CFF4C1 /* CheckoutProtocol.swift in Sources */ = {isa = PBXBuildFile; fileRef = 09AEFF73299FAAC000CFF4C1 /* CheckoutProtocol.swift */; };
		09AEFF76299FAAE500CFF4C1 /* ShoppingCartProtocol.swift in Sources */ = {isa = PBXBuildFile; fileRef = 09AEFF75299FAAE500CFF4C1 /* ShoppingCartProtocol.swift */; };
/* End PBXBuildFile section */

/* Begin PBXFileReference section */
		09AEFF5C299FA68500CFF4C1 /* DependancyInversionShopping.app */ = {isa = PBXFileReference; explicitFileType = wrapper.application; includeInIndex = 0; path = DependancyInversionShopping.app; sourceTree = BUILT_PRODUCTS_DIR; };
		09AEFF5F299FA68500CFF4C1 /* DependancyInversionShoppingApp.swift */ = {isa = PBXFileReference; lastKnownFileType = sourcecode.swift; path = DependancyInversionShoppingApp.swift; sourceTree = "<group>"; };
		09AEFF61299FA68500CFF4C1 /* ContentView.swift */ = {isa = PBXFileReference; lastKnownFileType = sourcecode.swift; path = ContentView.swift; sourceTree = "<group>"; };
		09AEFF63299FA68700CFF4C1 /* Assets.xcassets */ = {isa = PBXFileReference; lastKnownFileType = folder.assetcatalog; path = Assets.xcassets; sourceTree = "<group>"; };
		09AEFF66299FA68700CFF4C1 /* Preview Assets.xcassets */ = {isa = PBXFileReference; lastKnownFileType = folder.assetcatalog; path = "Preview Assets.xcassets"; sourceTree = "<group>"; };
		09AEFF6F299FA6C500CFF4C1 /* ShoppingCart.swift */ = {isa = PBXFileReference; lastKnownFileType = sourcecode.swift; path = ShoppingCart.swift; sourceTree = "<group>"; };
		09AEFF71299FA6D500CFF4C1 /* Checkout.swift */ = {isa = PBXFileReference; lastKnownFileType = sourcecode.swift; path = Checkout.swift; sourceTree = "<group>"; };
		09AEFF73299FAAC000CFF4C1 /* CheckoutProtocol.swift */ = {isa = PBXFileReference; lastKnownFileType = sourcecode.swift; path = CheckoutProtocol.swift; sourceTree = "<group>"; };
		09AEFF75299FAAE500CFF4C1 /* ShoppingCartProtocol.swift */ = {isa = PBXFileReference; lastKnownFileType = sourcecode.swift; path = ShoppingCartProtocol.swift; sourceTree = "<group>"; };
/* End PBXFileReference section */

/* Begin PBXFrameworksBuildPhase section */
		09AEFF59299FA68500CFF4C1 /* Frameworks */ = {
			isa = PBXFrameworksBuildPhase;
			buildActionMask = 2147483647;
			files = (
			);
			runOnlyForDeploymentPostprocessing = 0;
		};
/* End PBXFrameworksBuildPhase section */

/* Begin PBXGroup section */
		09AEFF53299FA68500CFF4C1 = {
			isa = PBXGroup;
			children = (
				09AEFF5E299FA68500CFF4C1 /* DependancyInversionShopping */,
				09AEFF5D299FA68500CFF4C1 /* Products */,
			);
			sourceTree = "<group>";
		};
		09AEFF5D299FA68500CFF4C1 /* Products */ = {
			isa = PBXGroup;
			children = (
				09AEFF5C299FA68500CFF4C1 /* DependancyInversionShopping.app */,
			);
			name = Products;
			sourceTree = "<group>";
		};
		09AEFF5E299FA68500CFF4C1 /* DependancyInversionShopping */ = {
			isa = PBXGroup;
			children = (
				09AEFF6E299FA6A400CFF4C1 /* Protocols */,
				09AEFF6D299FA69A00CFF4C1 /* Models */,
				09AEFF5F299FA68500CFF4C1 /* DependancyInversionShoppingApp.swift */,
				09AEFF61299FA68500CFF4C1 /* ContentView.swift */,
				09AEFF63299FA68700CFF4C1 /* Assets.xcassets */,
				09AEFF65299FA68700CFF4C1 /* Preview Content */,
			);
			path = DependancyInversionShopping;
			sourceTree = "<group>";
		};
		09AEFF65299FA68700CFF4C1 /* Preview Content */ = {
			isa = PBXGroup;
			children = (
				09AEFF66299FA68700CFF4C1 /* Preview Assets.xcassets */,
			);
			path = "Preview Content";
			sourceTree = "<group>";
		};
		09AEFF6D299FA69A00CFF4C1 /* Models */ = {
			isa = PBXGroup;
			children = (
				09AEFF6F299FA6C500CFF4C1 /* ShoppingCart.swift */,
				09AEFF71299FA6D500CFF4C1 /* Checkout.swift */,
			);
			path = Models;
			sourceTree = "<group>";
		};
		09AEFF6E299FA6A400CFF4C1 /* Protocols */ = {
			isa = PBXGroup;
			children = (
				09AEFF73299FAAC000CFF4C1 /* CheckoutProtocol.swift */,
				09AEFF75299FAAE500CFF4C1 /* ShoppingCartProtocol.swift */,
			);
			path = Protocols;
			sourceTree = "<group>";
		};
/* End PBXGroup section */

/* Begin PBXNativeTarget section */
		09AEFF5B299FA68500CFF4C1 /* DependancyInversionShopping */ = {
			isa = PBXNativeTarget;
			buildConfigurationList = 09AEFF6A299FA68700CFF4C1 /* Build configuration list for PBXNativeTarget "DependancyInversionShopping" */;
			buildPhases = (
				09AEFF58299FA68500CFF4C1 /* Sources */,
				09AEFF59299FA68500CFF4C1 /* Frameworks */,
				09AEFF5A299FA68500CFF4C1 /* Resources */,
			);
			buildRules = (
			);
			dependencies = (
			);
			name = DependancyInversionShopping;
			productName = DependancyInversionShopping;
			productReference = 09AEFF5C299FA68500CFF4C1 /* DependancyInversionShopping.app */;
			productType = "com.apple.product-type.application";
		};
/* End PBXNativeTarget section */

/* Begin PBXProject section */
		09AEFF54299FA68500CFF4C1 /* Project object */ = {
			isa = PBXProject;
			attributes = {
				BuildIndependentTargetsInParallel = 1;
				LastSwiftUpdateCheck = 1420;
				LastUpgradeCheck = 1420;
				TargetAttributes = {
					09AEFF5B299FA68500CFF4C1 = {
						CreatedOnToolsVersion = 14.2;
					};
				};
			};
			buildConfigurationList = 09AEFF57299FA68500CFF4C1 /* Build configuration list for PBXProject "DependancyInversionShopping" */;
			compatibilityVersion = "Xcode 14.0";
			developmentRegion = en;
			hasScannedForEncodings = 0;
			knownRegions = (
				en,
				Base,
			);
			mainGroup = 09AEFF53299FA68500CFF4C1;
			productRefGroup = 09AEFF5D299FA68500CFF4C1 /* Products */;
			projectDirPath = "";
			projectRoot = "";
			targets = (
				09AEFF5B299FA68500CFF4C1 /* DependancyInversionShopping */,
			);
		};
/* End PBXProject section */

/* Begin PBXResourcesBuildPhase section */
		09AEFF5A299FA68500CFF4C1 /* Resources */ = {
			isa = PBXResourcesBuildPhase;
			buildActionMask = 2147483647;
			files = (
				09AEFF67299FA68700CFF4C1 /* Preview Assets.xcassets in Resources */,
				09AEFF64299FA68700CFF4C1 /* Assets.xcassets in Resources */,
			);
			runOnlyForDeploymentPostprocessing = 0;
		};
/* End PBXResourcesBuildPhase section */

/* Begin PBXSourcesBuildPhase section */
		09AEFF58299FA68500CFF4C1 /* Sources */ = {
			isa = PBXSourcesBuildPhase;
			buildActionMask = 2147483647;
			files = (
				09AEFF62299FA68500CFF4C1 /* ContentView.swift in Sources */,
				09AEFF70299FA6C500CFF4C1 /* ShoppingCart.swift in Sources */,
				09AEFF74299FAAC000CFF4C1 /* CheckoutProtocol.swift in Sources */,
				09AEFF60299FA68500CFF4C1 /* DependancyInversionShoppingApp.swift in Sources */,
				09AEFF72299FA6D500CFF4C1 /* Checkout.swift in Sources */,
				09AEFF76299FAAE500CFF4C1 /* ShoppingCartProtocol.swift in Sources */,
			);
			runOnlyForDeploymentPostprocessing = 0;
		};
/* End PBXSourcesBuildPhase section */

/* Begin XCBuildConfiguration section */
		09AEFF68299FA68700CFF4C1 /* Debug */ = {
			isa = XCBuildConfiguration;
			buildSettings = {
				ALWAYS_SEARCH_USER_PATHS = NO;
				CLANG_ANALYZER_NONNULL = YES;
				CLANG_ANALYZER_NUMBER_OBJECT_CONVERSION = YES_AGGRESSIVE;
				CLANG_CXX_LANGUAGE_STANDARD = "gnu++20";
				CLANG_ENABLE_MODULES = YES;
				CLANG_ENABLE_OBJC_ARC = YES;
				CLANG_ENABLE_OBJC_WEAK = YES;
				CLANG_WARN_BLOCK_CAPTURE_AUTORELEASING = YES;
				CLANG_WARN_BOOL_CONVERSION = YES;
				CLANG_WARN_COMMA = YES;
				CLANG_WARN_CONSTANT_CONVERSION = YES;
				CLANG_WARN_DEPRECATED_OBJC_IMPLEMENTATIONS = YES;
				CLANG_WARN_DIRECT_OBJC_ISA_USAGE = YES_ERROR;
				CLANG_WARN_DOCUMENTATION_COMMENTS = YES;
				CLANG_WARN_EMPTY_BODY = YES;
				CLANG_WARN_ENUM_CONVERSION = YES;
				CLANG_WARN_INFINITE_RECURSION = YES;
				CLANG_WARN_INT_CONVERSION = YES;
				CLANG_WARN_NON_LITERAL_NULL_CONVERSION = YES;
				CLANG_WARN_OBJC_IMPLICIT_RETAIN_SELF = YES;
				CLANG_WARN_OBJC_LITERAL_CONVERSION = YES;
				CLANG_WARN_OBJC_ROOT_CLASS = YES_ERROR;
				CLANG_WARN_QUOTED_INCLUDE_IN_FRAMEWORK_HEADER = YES;
				CLANG_WARN_RANGE_LOOP_ANALYSIS = YES;
				CLANG_WARN_STRICT_PROTOTYPES = YES;
				CLANG_WARN_SUSPICIOUS_MOVE = YES;
				CLANG_WARN_UNGUARDED_AVAILABILITY = YES_AGGRESSIVE;
				CLANG_WARN_UNREACHABLE_CODE = YES;
				CLANG_WARN__DUPLICATE_METHOD_MATCH = YES;
				COPY_PHASE_STRIP = NO;
				DEBUG_INFORMATION_FORMAT = dwarf;
				ENABLE_STRICT_OBJC_MSGSEND = YES;
				ENABLE_TESTABILITY = YES;
				GCC_C_LANGUAGE_STANDARD = gnu11;
				GCC_DYNAMIC_NO_PIC = NO;
				GCC_NO_COMMON_BLOCKS = YES;
				GCC_OPTIMIZATION_LEVEL = 0;
				GCC_PREPROCESSOR_DEFINITIONS = (
					"DEBUG=1",
					"$(inherited)",
				);
				GCC_WARN_64_TO_32_BIT_CONVERSION = YES;
				GCC_WARN_ABOUT_RETURN_TYPE = YES_ERROR;
				GCC_WARN_UNDECLARED_SELECTOR = YES;
				GCC_WARN_UNINITIALIZED_AUTOS = YES_AGGRESSIVE;
				GCC_WARN_UNUSED_FUNCTION = YES;
				GCC_WARN_UNUSED_VARIABLE = YES;
				IPHONEOS_DEPLOYMENT_TARGET = 16.2;
				MTL_ENABLE_DEBUG_INFO = INCLUDE_SOURCE;
				MTL_FAST_MATH = YES;
				ONLY_ACTIVE_ARCH = YES;
				SDKROOT = iphoneos;
				SWIFT_ACTIVE_COMPILATION_CONDITIONS = DEBUG;
				SWIFT_OPTIMIZATION_LEVEL = "-Onone";
			};
			name = Debug;
		};
		09AEFF69299FA68700CFF4C1 /* Release */ = {
			isa = XCBuildConfiguration;
			buildSettings = {
				ALWAYS_SEARCH_USER_PATHS = NO;
				CLANG_ANALYZER_NONNULL = YES;
				CLANG_ANALYZER_NUMBER_OBJECT_CONVERSION = YES_AGGRESSIVE;
				CLANG_CXX_LANGUAGE_STANDARD = "gnu++20";
				CLANG_ENABLE_MODULES = YES;
				CLANG_ENABLE_OBJC_ARC = YES;
				CLANG_ENABLE_OBJC_WEAK = YES;
				CLANG_WARN_BLOCK_CAPTURE_AUTORELEASING = YES;
				CLANG_WARN_BOOL_CONVERSION = YES;
				CLANG_WARN_COMMA = YES;
				CLANG_WARN_CONSTANT_CONVERSION = YES;
				CLANG_WARN_DEPRECATED_OBJC_IMPLEMENTATIONS = YES;
				CLANG_WARN_DIRECT_OBJC_ISA_USAGE = YES_ERROR;
				CLANG_WARN_DOCUMENTATION_COMMENTS = YES;
				CLANG_WARN_EMPTY_BODY = YES;
				CLANG_WARN_ENUM_CONVERSION = YES;
				CLANG_WARN_INFINITE_RECURSION = YES;
				CLANG_WARN_INT_CONVERSION = YES;
				CLANG_WARN_NON_LITERAL_NULL_CONVERSION = YES;
				CLANG_WARN_OBJC_IMPLICIT_RETAIN_SELF = YES;
				CLANG_WARN_OBJC_LITERAL_CONVERSION = YES;
				CLANG_WARN_OBJC_ROOT_CLASS = YES_ERROR;
				CLANG_WARN_QUOTED_INCLUDE_IN_FRAMEWORK_HEADER = YES;
				CLANG_WARN_RANGE_LOOP_ANALYSIS = YES;
				CLANG_WARN_STRICT_PROTOTYPES = YES;
				CLANG_WARN_SUSPICIOUS_MOVE = YES;
				CLANG_WARN_UNGUARDED_AVAILABILITY = YES_AGGRESSIVE;
				CLANG_WARN_UNREACHABLE_CODE = YES;
				CLANG_WARN__DUPLICATE_METHOD_MATCH = YES;
				COPY_PHASE_STRIP = NO;
				DEBUG_INFORMATION_FORMAT = "dwarf-with-dsym";
				ENABLE_NS_ASSERTIONS = NO;
				ENABLE_STRICT_OBJC_MSGSEND = YES;
				GCC_C_LANGUAGE_STANDARD = gnu11;
				GCC_NO_COMMON_BLOCKS = YES;
				GCC_WARN_64_TO_32_BIT_CONVERSION = YES;
				GCC_WARN_ABOUT_RETURN_TYPE = YES_ERROR;
				GCC_WARN_UNDECLARED_SELECTOR = YES;
				GCC_WARN_UNINITIALIZED_AUTOS = YES_AGGRESSIVE;
				GCC_WARN_UNUSED_FUNCTION = YES;
				GCC_WARN_UNUSED_VARIABLE = YES;
				IPHONEOS_DEPLOYMENT_TARGET = 16.2;
				MTL_ENABLE_DEBUG_INFO = NO;
				MTL_FAST_MATH = YES;
				SDKROOT = iphoneos;
				SWIFT_COMPILATION_MODE = wholemodule;
				SWIFT_OPTIMIZATION_LEVEL = "-O";
				VALIDATE_PRODUCT = YES;
			};
			name = Release;
		};
		09AEFF6B299FA68700CFF4C1 /* Debug */ = {
			isa = XCBuildConfiguration;
			buildSettings = {
				ASSETCATALOG_COMPILER_APPICON_NAME = AppIcon;
				ASSETCATALOG_COMPILER_GLOBAL_ACCENT_COLOR_NAME = AccentColor;
				CODE_SIGN_STYLE = Automatic;
				CURRENT_PROJECT_VERSION = 1;
				DEVELOPMENT_ASSET_PATHS = "\"DependancyInversionShopping/Preview Content\"";
				DEVELOPMENT_TEAM = 93TAG27MAJ;
				ENABLE_PREVIEWS = YES;
				GENERATE_INFOPLIST_FILE = YES;
				INFOPLIST_KEY_UIApplicationSceneManifest_Generation = YES;
				INFOPLIST_KEY_UIApplicationSupportsIndirectInputEvents = YES;
				INFOPLIST_KEY_UILaunchScreen_Generation = YES;
				INFOPLIST_KEY_UISupportedInterfaceOrientations_iPad = "UIInterfaceOrientationPortrait UIInterfaceOrientationPortraitUpsideDown UIInterfaceOrientationLandscapeLeft UIInterfaceOrientationLandscapeRight";
				INFOPLIST_KEY_UISupportedInterfaceOrientations_iPhone = "UIInterfaceOrientationPortrait UIInterfaceOrientationLandscapeLeft UIInterfaceOrientationLandscapeRight";
				LD_RUNPATH_SEARCH_PATHS = (
					"$(inherited)",
					"@executable_path/Frameworks",
				);
				MARKETING_VERSION = 1.0;
				PRODUCT_BUNDLE_IDENTIFIER = com.GroverTech.DependancyInversionShopping;
				PRODUCT_NAME = "$(TARGET_NAME)";
				SWIFT_EMIT_LOC_STRINGS = YES;
				SWIFT_VERSION = 5.0;
				TARGETED_DEVICE_FAMILY = "1,2";
			};
			name = Debug;
		};
		09AEFF6C299FA68700CFF4C1 /* Release */ = {
			isa = XCBuildConfiguration;
			buildSettings = {
				ASSETCATALOG_COMPILER_APPICON_NAME = AppIcon;
				ASSETCATALOG_COMPILER_GLOBAL_ACCENT_COLOR_NAME = AccentColor;
				CODE_SIGN_STYLE = Automatic;
				CURRENT_PROJECT_VERSION = 1;
				DEVELOPMENT_ASSET_PATHS = "\"DependancyInversionShopping/Preview Content\"";
				DEVELOPMENT_TEAM = 93TAG27MAJ;
				ENABLE_PREVIEWS = YES;
				GENERATE_INFOPLIST_FILE = YES;
				INFOPLIST_KEY_UIApplicationSceneManifest_Generation = YES;
				INFOPLIST_KEY_UIApplicationSupportsIndirectInputEvents = YES;
				INFOPLIST_KEY_UILaunchScreen_Generation = YES;
				INFOPLIST_KEY_UISupportedInterfaceOrientations_iPad = "UIInterfaceOrientationPortrait UIInterfaceOrientationPortraitUpsideDown UIInterfaceOrientationLandscapeLeft UIInterfaceOrientationLandscapeRight";
				INFOPLIST_KEY_UISupportedInterfaceOrientations_iPhone = "UIInterfaceOrientationPortrait UIInterfaceOrientationLandscapeLeft UIInterfaceOrientationLandscapeRight";
				LD_RUNPATH_SEARCH_PATHS = (
					"$(inherited)",
					"@executable_path/Frameworks",
				);
				MARKETING_VERSION = 1.0;
				PRODUCT_BUNDLE_IDENTIFIER = com.GroverTech.DependancyInversionShopping;
				PRODUCT_NAME = "$(TARGET_NAME)";
				SWIFT_EMIT_LOC_STRINGS = YES;
				SWIFT_VERSION = 5.0;
				TARGETED_DEVICE_FAMILY = "1,2";
			};
			name = Release;
		};
/* End XCBuildConfiguration section */

/* Begin XCConfigurationList section */
		09AEFF57299FA68500CFF4C1 /* Build configuration list for PBXProject "DependancyInversionShopping" */ = {
			isa = XCConfigurationList;
			buildConfigurations = (
				09AEFF68299FA68700CFF4C1 /* Debug */,
				09AEFF69299FA68700CFF4C1 /* Release */,
			);
			defaultConfigurationIsVisible = 0;
			defaultConfigurationName = Release;
		};
		09AEFF6A299FA68700CFF4C1 /* Build configuration list for PBXNativeTarget "DependancyInversionShopping" */ = {
			isa = XCConfigurationList;
			buildConfigurations = (
				09AEFF6B299FA68700CFF4C1 /* Debug */,
				09AEFF6C299FA68700CFF4C1 /* Release */,
			);
			defaultConfigurationIsVisible = 0;
			defaultConfigurationName = Release;
		};
/* End XCConfigurationList section */
	};
	rootObject = 09AEFF54299FA68500CFF4C1 /* Project object */;
}
